
Microsoft Visual Studio Solution File, Format Version 12.00
# Visual Studio Version 17
VisualStudioVersion = 17.0.32126.317
MinimumVisualStudioVersion = 10.0.40219.1
Project("{FAE04EC0-301F-11D3-BF4B-00C04F79EFBC}") = "Account-Manager", "Account-Manager.csproj", "{FB735EC3-D89D-46F8-B984-D4053CD2C98B}"
EndProject
Global
	GlobalSection(SolutionConfigurationPlatforms) = preSolution
		Debug|Any CPU = Debug|Any CPU
		Release|Any CPU = Release|Any CPU
	EndGlobalSection
	GlobalSection(ProjectConfigurationPlatforms) = postSolution
		{FB735EC3-D89D-46F8-B984-D4053CD2C98B}.Debug|Any CPU.ActiveCfg = Debug|Any CPU
		{FB735EC3-D89D-46F8-B984-D4053CD2C98B}.Debug|Any CPU.Build.0 = Debug|Any CPU
		{FB735EC3-D89D-46F8-B984-D4053CD2C98B}.Release|Any CPU.ActiveCfg = Release|Any CPU
		{FB735EC3-D89D-46F8-B984-D4053CD2C98B}.Release|Any CPU.Build.0 = Release|Any CPU
	EndGlobalSection
	GlobalSection(SolutionProperties) = preSolution
		HideSolutionNode = FALSE
	EndGlobalSection
	GlobalSection(ExtensibilityGlobals) = postSolution
		SolutionGuid = {C7D446E3-AF7B-4250-BEF8-B1216C7F74D3}
	EndGlobalSection
EndGlobal
